
Microsoft Visual Studio Solution File, Format Version 12.00
# Visual Studio 15
VisualStudioVersion = 15.0.27130.2010
MinimumVisualStudioVersion = 10.0.40219.1
Project("{9A19103F-16F7-4668-BE54-9A1E7A4F7556}") = "DontWineAboutIt", "DontWineAboutIt\DontWineAboutIt.csproj", "{E6C0E4BA-ED91-460D-A304-3015DBD92AA9}"
EndProject
Project("{FAE04EC0-301F-11D3-BF4B-00C04F79EFBC}") = "XUnitControllerTests", "XUnitControllerTests\XUnitControllerTests.csproj", "{B1376137-709B-4C45-9465-4A0B8B90A6BF}"
EndProject
Global
	GlobalSection(SolutionConfigurationPlatforms) = preSolution
		Debug|Any CPU = Debug|Any CPU
		Release|Any CPU = Release|Any CPU
	EndGlobalSection
	GlobalSection(ProjectConfigurationPlatforms) = postSolution
		{E6C0E4BA-ED91-460D-A304-3015DBD92AA9}.Debug|Any CPU.ActiveCfg = Debug|Any CPU
		{E6C0E4BA-ED91-460D-A304-3015DBD92AA9}.Debug|Any CPU.Build.0 = Debug|Any CPU
		{E6C0E4BA-ED91-460D-A304-3015DBD92AA9}.Release|Any CPU.ActiveCfg = Release|Any CPU
		{E6C0E4BA-ED91-460D-A304-3015DBD92AA9}.Release|Any CPU.Build.0 = Release|Any CPU
		{B1376137-709B-4C45-9465-4A0B8B90A6BF}.Debug|Any CPU.ActiveCfg = Debug|Any CPU
		{B1376137-709B-4C45-9465-4A0B8B90A6BF}.Debug|Any CPU.Build.0 = Debug|Any CPU
		{B1376137-709B-4C45-9465-4A0B8B90A6BF}.Release|Any CPU.ActiveCfg = Release|Any CPU
		{B1376137-709B-4C45-9465-4A0B8B90A6BF}.Release|Any CPU.Build.0 = Release|Any CPU
	EndGlobalSection
	GlobalSection(SolutionProperties) = preSolution
		HideSolutionNode = FALSE
	EndGlobalSection
	GlobalSection(ExtensibilityGlobals) = postSolution
		SolutionGuid = {BDD8E8DE-F6E2-4A68-9B12-9E9CBD5D9D5E}
	EndGlobalSection
EndGlobal
